
Microsoft Visual Studio Solution File, Format Version 12.00
# Visual Studio Version 17
VisualStudioVersion = 17.8.34511.84
MinimumVisualStudioVersion = 10.0.40219.1
Project("{FAE04EC0-301F-11D3-BF4B-00C04F79EFBC}") = "Odd Even Linked List", "Odd Even Linked List\Odd Even Linked List.csproj", "{6A6510EE-B947-4186-9007-4201D06237ED}"
EndProject
Global
	GlobalSection(SolutionConfigurationPlatforms) = preSolution
		Debug|Any CPU = Debug|Any CPU
		Release|Any CPU = Release|Any CPU
	EndGlobalSection
	GlobalSection(ProjectConfigurationPlatforms) = postSolution
		{6A6510EE-B947-4186-9007-4201D06237ED}.Debug|Any CPU.ActiveCfg = Debug|Any CPU
		{6A6510EE-B947-4186-9007-4201D06237ED}.Debug|Any CPU.Build.0 = Debug|Any CPU
		{6A6510EE-B947-4186-9007-4201D06237ED}.Release|Any CPU.ActiveCfg = Release|Any CPU
		{6A6510EE-B947-4186-9007-4201D06237ED}.Release|Any CPU.Build.0 = Release|Any CPU
	EndGlobalSection
	GlobalSection(SolutionProperties) = preSolution
		HideSolutionNode = FALSE
	EndGlobalSection
	GlobalSection(ExtensibilityGlobals) = postSolution
		SolutionGuid = {4EA11228-807D-493E-B804-DA579D2BA4DE}
	EndGlobalSection
EndGlobal
