
Microsoft Visual Studio Solution File, Format Version 12.00
# Visual Studio Version 17
VisualStudioVersion = 17.8.34511.84
MinimumVisualStudioVersion = 10.0.40219.1
Project("{FAE04EC0-301F-11D3-BF4B-00C04F79EFBC}") = "Determine if Two Strings Are Close", "Determine if Two Strings Are Close\Determine if Two Strings Are Close.csproj", "{86797B4E-836A-46DB-A33F-C25C6908607C}"
EndProject
Global
	GlobalSection(SolutionConfigurationPlatforms) = preSolution
		Debug|Any CPU = Debug|Any CPU
		Release|Any CPU = Release|Any CPU
	EndGlobalSection
	GlobalSection(ProjectConfigurationPlatforms) = postSolution
		{86797B4E-836A-46DB-A33F-C25C6908607C}.Debug|Any CPU.ActiveCfg = Debug|Any CPU
		{86797B4E-836A-46DB-A33F-C25C6908607C}.Debug|Any CPU.Build.0 = Debug|Any CPU
		{86797B4E-836A-46DB-A33F-C25C6908607C}.Release|Any CPU.ActiveCfg = Release|Any CPU
		{86797B4E-836A-46DB-A33F-C25C6908607C}.Release|Any CPU.Build.0 = Release|Any CPU
	EndGlobalSection
	GlobalSection(SolutionProperties) = preSolution
		HideSolutionNode = FALSE
	EndGlobalSection
	GlobalSection(ExtensibilityGlobals) = postSolution
		SolutionGuid = {123DD015-92F3-4C29-99B4-D2468837C7A8}
	EndGlobalSection
EndGlobal
