
Microsoft Visual Studio Solution File, Format Version 12.00
# Visual Studio Version 17
VisualStudioVersion = 17.8.34511.84
MinimumVisualStudioVersion = 10.0.40219.1
Project("{FAE04EC0-301F-11D3-BF4B-00C04F79EFBC}") = "Find the Difference of Two Arrays", "Find the Difference of Two Arrays\Find the Difference of Two Arrays.csproj", "{67AE550F-15D9-46AA-BC75-74577002A449}"
EndProject
Global
	GlobalSection(SolutionConfigurationPlatforms) = preSolution
		Debug|Any CPU = Debug|Any CPU
		Release|Any CPU = Release|Any CPU
	EndGlobalSection
	GlobalSection(ProjectConfigurationPlatforms) = postSolution
		{67AE550F-15D9-46AA-BC75-74577002A449}.Debug|Any CPU.ActiveCfg = Debug|Any CPU
		{67AE550F-15D9-46AA-BC75-74577002A449}.Debug|Any CPU.Build.0 = Debug|Any CPU
		{67AE550F-15D9-46AA-BC75-74577002A449}.Release|Any CPU.ActiveCfg = Release|Any CPU
		{67AE550F-15D9-46AA-BC75-74577002A449}.Release|Any CPU.Build.0 = Release|Any CPU
	EndGlobalSection
	GlobalSection(SolutionProperties) = preSolution
		HideSolutionNode = FALSE
	EndGlobalSection
	GlobalSection(ExtensibilityGlobals) = postSolution
		SolutionGuid = {81F3804F-B513-4A0F-BA60-F0787B656E6A}
	EndGlobalSection
EndGlobal
