
Microsoft Visual Studio Solution File, Format Version 12.00
# Visual Studio Version 17
VisualStudioVersion = 17.8.34511.84
MinimumVisualStudioVersion = 10.0.40219.1
Project("{FAE04EC0-301F-11D3-BF4B-00C04F79EFBC}") = "Guess Number Higher or Lower", "Guess Number Higher or Lower\Guess Number Higher or Lower.csproj", "{ADF1A948-92A5-481D-911C-2F130AE649E5}"
EndProject
Global
	GlobalSection(SolutionConfigurationPlatforms) = preSolution
		Debug|Any CPU = Debug|Any CPU
		Release|Any CPU = Release|Any CPU
	EndGlobalSection
	GlobalSection(ProjectConfigurationPlatforms) = postSolution
		{ADF1A948-92A5-481D-911C-2F130AE649E5}.Debug|Any CPU.ActiveCfg = Debug|Any CPU
		{ADF1A948-92A5-481D-911C-2F130AE649E5}.Debug|Any CPU.Build.0 = Debug|Any CPU
		{ADF1A948-92A5-481D-911C-2F130AE649E5}.Release|Any CPU.ActiveCfg = Release|Any CPU
		{ADF1A948-92A5-481D-911C-2F130AE649E5}.Release|Any CPU.Build.0 = Release|Any CPU
	EndGlobalSection
	GlobalSection(SolutionProperties) = preSolution
		HideSolutionNode = FALSE
	EndGlobalSection
	GlobalSection(ExtensibilityGlobals) = postSolution
		SolutionGuid = {1A599578-0079-4137-802B-B99C9C95B688}
	EndGlobalSection
EndGlobal
