
Microsoft Visual Studio Solution File, Format Version 12.00
# Visual Studio Version 17
VisualStudioVersion = 17.8.34511.84
MinimumVisualStudioVersion = 10.0.40219.1
Project("{FAE04EC0-301F-11D3-BF4B-00C04F79EFBC}") = "Maximal Square", "Maximal Square\Maximal Square.csproj", "{D5C0E4A7-3E03-4522-B67F-4F8EF4DDBAA3}"
EndProject
Global
	GlobalSection(SolutionConfigurationPlatforms) = preSolution
		Debug|Any CPU = Debug|Any CPU
		Release|Any CPU = Release|Any CPU
	EndGlobalSection
	GlobalSection(ProjectConfigurationPlatforms) = postSolution
		{D5C0E4A7-3E03-4522-B67F-4F8EF4DDBAA3}.Debug|Any CPU.ActiveCfg = Debug|Any CPU
		{D5C0E4A7-3E03-4522-B67F-4F8EF4DDBAA3}.Debug|Any CPU.Build.0 = Debug|Any CPU
		{D5C0E4A7-3E03-4522-B67F-4F8EF4DDBAA3}.Release|Any CPU.ActiveCfg = Release|Any CPU
		{D5C0E4A7-3E03-4522-B67F-4F8EF4DDBAA3}.Release|Any CPU.Build.0 = Release|Any CPU
	EndGlobalSection
	GlobalSection(SolutionProperties) = preSolution
		HideSolutionNode = FALSE
	EndGlobalSection
	GlobalSection(ExtensibilityGlobals) = postSolution
		SolutionGuid = {4C3B2982-7FB2-4C58-AF5A-7C6399D64D31}
	EndGlobalSection
EndGlobal
