
Microsoft Visual Studio Solution File, Format Version 12.00
# Visual Studio Version 17
VisualStudioVersion = 17.8.34511.84
MinimumVisualStudioVersion = 10.0.40219.1
Project("{FAE04EC0-301F-11D3-BF4B-00C04F79EFBC}") = "Single Number", "Single Number\Single Number.csproj", "{61FD4793-36DE-4EA9-B184-C1E61482817E}"
EndProject
Global
	GlobalSection(SolutionConfigurationPlatforms) = preSolution
		Debug|Any CPU = Debug|Any CPU
		Release|Any CPU = Release|Any CPU
	EndGlobalSection
	GlobalSection(ProjectConfigurationPlatforms) = postSolution
		{61FD4793-36DE-4EA9-B184-C1E61482817E}.Debug|Any CPU.ActiveCfg = Debug|Any CPU
		{61FD4793-36DE-4EA9-B184-C1E61482817E}.Debug|Any CPU.Build.0 = Debug|Any CPU
		{61FD4793-36DE-4EA9-B184-C1E61482817E}.Release|Any CPU.ActiveCfg = Release|Any CPU
		{61FD4793-36DE-4EA9-B184-C1E61482817E}.Release|Any CPU.Build.0 = Release|Any CPU
	EndGlobalSection
	GlobalSection(SolutionProperties) = preSolution
		HideSolutionNode = FALSE
	EndGlobalSection
	GlobalSection(ExtensibilityGlobals) = postSolution
		SolutionGuid = {6649EE60-B3AE-450A-A454-75C7A961B83D}
	EndGlobalSection
EndGlobal
