
Microsoft Visual Studio Solution File, Format Version 12.00
# Visual Studio Version 17
VisualStudioVersion = 17.8.34511.84
MinimumVisualStudioVersion = 10.0.40219.1
Project("{FAE04EC0-301F-11D3-BF4B-00C04F79EFBC}") = "Delete Node in a BST", "Delete Node in a BST\Delete Node in a BST.csproj", "{448C68FA-E3F0-49CC-B3FD-3730281DD74F}"
EndProject
Global
	GlobalSection(SolutionConfigurationPlatforms) = preSolution
		Debug|Any CPU = Debug|Any CPU
		Release|Any CPU = Release|Any CPU
	EndGlobalSection
	GlobalSection(ProjectConfigurationPlatforms) = postSolution
		{448C68FA-E3F0-49CC-B3FD-3730281DD74F}.Debug|Any CPU.ActiveCfg = Debug|Any CPU
		{448C68FA-E3F0-49CC-B3FD-3730281DD74F}.Debug|Any CPU.Build.0 = Debug|Any CPU
		{448C68FA-E3F0-49CC-B3FD-3730281DD74F}.Release|Any CPU.ActiveCfg = Release|Any CPU
		{448C68FA-E3F0-49CC-B3FD-3730281DD74F}.Release|Any CPU.Build.0 = Release|Any CPU
	EndGlobalSection
	GlobalSection(SolutionProperties) = preSolution
		HideSolutionNode = FALSE
	EndGlobalSection
	GlobalSection(ExtensibilityGlobals) = postSolution
		SolutionGuid = {CBECECDA-DF50-48D3-BA1D-A57147AEFED1}
	EndGlobalSection
EndGlobal
