
Microsoft Visual Studio Solution File, Format Version 12.00
# Visual Studio Version 17
VisualStudioVersion = 17.8.34511.84
MinimumVisualStudioVersion = 10.0.40219.1
Project("{FAE04EC0-301F-11D3-BF4B-00C04F79EFBC}") = "Minimum Flips to Make a OR b Equal to c", "Minimum Flips to Make a OR b Equal to c\Minimum Flips to Make a OR b Equal to c.csproj", "{75B877DD-3D38-41FD-BA1B-E6E3CD248CAC}"
EndProject
Global
	GlobalSection(SolutionConfigurationPlatforms) = preSolution
		Debug|Any CPU = Debug|Any CPU
		Release|Any CPU = Release|Any CPU
	EndGlobalSection
	GlobalSection(ProjectConfigurationPlatforms) = postSolution
		{75B877DD-3D38-41FD-BA1B-E6E3CD248CAC}.Debug|Any CPU.ActiveCfg = Debug|Any CPU
		{75B877DD-3D38-41FD-BA1B-E6E3CD248CAC}.Debug|Any CPU.Build.0 = Debug|Any CPU
		{75B877DD-3D38-41FD-BA1B-E6E3CD248CAC}.Release|Any CPU.ActiveCfg = Release|Any CPU
		{75B877DD-3D38-41FD-BA1B-E6E3CD248CAC}.Release|Any CPU.Build.0 = Release|Any CPU
	EndGlobalSection
	GlobalSection(SolutionProperties) = preSolution
		HideSolutionNode = FALSE
	EndGlobalSection
	GlobalSection(ExtensibilityGlobals) = postSolution
		SolutionGuid = {D6B3C36A-2396-442C-84A8-D970B7643A5A}
	EndGlobalSection
EndGlobal
