
Microsoft Visual Studio Solution File, Format Version 12.00
# Visual Studio Version 17
VisualStudioVersion = 17.8.34511.84
MinimumVisualStudioVersion = 10.0.40219.1
Project("{FAE04EC0-301F-11D3-BF4B-00C04F79EFBC}") = "House Robber", "House Robber\House Robber.csproj", "{96514C72-9865-407D-B63F-F6C9DB569A13}"
EndProject
Global
	GlobalSection(SolutionConfigurationPlatforms) = preSolution
		Debug|Any CPU = Debug|Any CPU
		Release|Any CPU = Release|Any CPU
	EndGlobalSection
	GlobalSection(ProjectConfigurationPlatforms) = postSolution
		{96514C72-9865-407D-B63F-F6C9DB569A13}.Debug|Any CPU.ActiveCfg = Debug|Any CPU
		{96514C72-9865-407D-B63F-F6C9DB569A13}.Debug|Any CPU.Build.0 = Debug|Any CPU
		{96514C72-9865-407D-B63F-F6C9DB569A13}.Release|Any CPU.ActiveCfg = Release|Any CPU
		{96514C72-9865-407D-B63F-F6C9DB569A13}.Release|Any CPU.Build.0 = Release|Any CPU
	EndGlobalSection
	GlobalSection(SolutionProperties) = preSolution
		HideSolutionNode = FALSE
	EndGlobalSection
	GlobalSection(ExtensibilityGlobals) = postSolution
		SolutionGuid = {91E8A728-E277-414A-AC2C-9A94476B4289}
	EndGlobalSection
EndGlobal
