
Microsoft Visual Studio Solution File, Format Version 12.00
# Visual Studio Version 17
VisualStudioVersion = 17.8.34511.84
MinimumVisualStudioVersion = 10.0.40219.1
Project("{FAE04EC0-301F-11D3-BF4B-00C04F79EFBC}") = "Reverse Words in a String", "Reverse Words in a String\Reverse Words in a String.csproj", "{58A92288-8AA4-4141-AB04-4759E72198A3}"
EndProject
Global
	GlobalSection(SolutionConfigurationPlatforms) = preSolution
		Debug|Any CPU = Debug|Any CPU
		Release|Any CPU = Release|Any CPU
	EndGlobalSection
	GlobalSection(ProjectConfigurationPlatforms) = postSolution
		{58A92288-8AA4-4141-AB04-4759E72198A3}.Debug|Any CPU.ActiveCfg = Debug|Any CPU
		{58A92288-8AA4-4141-AB04-4759E72198A3}.Debug|Any CPU.Build.0 = Debug|Any CPU
		{58A92288-8AA4-4141-AB04-4759E72198A3}.Release|Any CPU.ActiveCfg = Release|Any CPU
		{58A92288-8AA4-4141-AB04-4759E72198A3}.Release|Any CPU.Build.0 = Release|Any CPU
	EndGlobalSection
	GlobalSection(SolutionProperties) = preSolution
		HideSolutionNode = FALSE
	EndGlobalSection
	GlobalSection(ExtensibilityGlobals) = postSolution
		SolutionGuid = {98B67240-85E3-496F-9A25-7CB056DC5746}
	EndGlobalSection
EndGlobal
