
Microsoft Visual Studio Solution File, Format Version 12.00
# Visual Studio Version 17
VisualStudioVersion = 17.8.34511.84
MinimumVisualStudioVersion = 10.0.40219.1
Project("{FAE04EC0-301F-11D3-BF4B-00C04F79EFBC}") = "Minimum Size Subarray Sum", "Minimum Size Subarray Sum\Minimum Size Subarray Sum.csproj", "{CD3CF6B8-A4B2-4F8E-85A2-1E9664908B8B}"
EndProject
Global
	GlobalSection(SolutionConfigurationPlatforms) = preSolution
		Debug|Any CPU = Debug|Any CPU
		Release|Any CPU = Release|Any CPU
	EndGlobalSection
	GlobalSection(ProjectConfigurationPlatforms) = postSolution
		{CD3CF6B8-A4B2-4F8E-85A2-1E9664908B8B}.Debug|Any CPU.ActiveCfg = Debug|Any CPU
		{CD3CF6B8-A4B2-4F8E-85A2-1E9664908B8B}.Debug|Any CPU.Build.0 = Debug|Any CPU
		{CD3CF6B8-A4B2-4F8E-85A2-1E9664908B8B}.Release|Any CPU.ActiveCfg = Release|Any CPU
		{CD3CF6B8-A4B2-4F8E-85A2-1E9664908B8B}.Release|Any CPU.Build.0 = Release|Any CPU
	EndGlobalSection
	GlobalSection(SolutionProperties) = preSolution
		HideSolutionNode = FALSE
	EndGlobalSection
	GlobalSection(ExtensibilityGlobals) = postSolution
		SolutionGuid = {292672AC-3FCC-4EB8-A235-4FA9F0D6ADF5}
	EndGlobalSection
EndGlobal
