
Microsoft Visual Studio Solution File, Format Version 12.00
# Visual Studio Version 17
VisualStudioVersion = 17.8.34511.84
MinimumVisualStudioVersion = 10.0.40219.1
Project("{FAE04EC0-301F-11D3-BF4B-00C04F79EFBC}") = "Valid Palindrome", "Valid Palindrome\Valid Palindrome.csproj", "{99753FD2-5286-4889-B9D6-4E944283C7C1}"
EndProject
Global
	GlobalSection(SolutionConfigurationPlatforms) = preSolution
		Debug|Any CPU = Debug|Any CPU
		Release|Any CPU = Release|Any CPU
	EndGlobalSection
	GlobalSection(ProjectConfigurationPlatforms) = postSolution
		{99753FD2-5286-4889-B9D6-4E944283C7C1}.Debug|Any CPU.ActiveCfg = Debug|Any CPU
		{99753FD2-5286-4889-B9D6-4E944283C7C1}.Debug|Any CPU.Build.0 = Debug|Any CPU
		{99753FD2-5286-4889-B9D6-4E944283C7C1}.Release|Any CPU.ActiveCfg = Release|Any CPU
		{99753FD2-5286-4889-B9D6-4E944283C7C1}.Release|Any CPU.Build.0 = Release|Any CPU
	EndGlobalSection
	GlobalSection(SolutionProperties) = preSolution
		HideSolutionNode = FALSE
	EndGlobalSection
	GlobalSection(ExtensibilityGlobals) = postSolution
		SolutionGuid = {E9900BE4-64D9-44FB-8F15-674972673836}
	EndGlobalSection
EndGlobal
