
Microsoft Visual Studio Solution File, Format Version 12.00
# Visual Studio Version 17
VisualStudioVersion = 17.8.34511.84
MinimumVisualStudioVersion = 10.0.40219.1
Project("{FAE04EC0-301F-11D3-BF4B-00C04F79EFBC}") = "Longest Common Prefix", "Longest Common Prefix\Longest Common Prefix.csproj", "{927F4AB4-201E-48AD-8920-8B9ED3727C6F}"
EndProject
Global
	GlobalSection(SolutionConfigurationPlatforms) = preSolution
		Debug|Any CPU = Debug|Any CPU
		Release|Any CPU = Release|Any CPU
	EndGlobalSection
	GlobalSection(ProjectConfigurationPlatforms) = postSolution
		{927F4AB4-201E-48AD-8920-8B9ED3727C6F}.Debug|Any CPU.ActiveCfg = Debug|Any CPU
		{927F4AB4-201E-48AD-8920-8B9ED3727C6F}.Debug|Any CPU.Build.0 = Debug|Any CPU
		{927F4AB4-201E-48AD-8920-8B9ED3727C6F}.Release|Any CPU.ActiveCfg = Release|Any CPU
		{927F4AB4-201E-48AD-8920-8B9ED3727C6F}.Release|Any CPU.Build.0 = Release|Any CPU
	EndGlobalSection
	GlobalSection(SolutionProperties) = preSolution
		HideSolutionNode = FALSE
	EndGlobalSection
	GlobalSection(ExtensibilityGlobals) = postSolution
		SolutionGuid = {49B24928-4FC9-4797-93FF-EE3648FFC52B}
	EndGlobalSection
EndGlobal
