
Microsoft Visual Studio Solution File, Format Version 12.00
# Visual Studio Version 17
VisualStudioVersion = 17.8.34511.84
MinimumVisualStudioVersion = 10.0.40219.1
Project("{FAE04EC0-301F-11D3-BF4B-00C04F79EFBC}") = "Dota2 Senate", "Dota2 Senate\Dota2 Senate.csproj", "{1FE4343C-E9C6-4EEA-A540-EA67C3F8B505}"
EndProject
Global
	GlobalSection(SolutionConfigurationPlatforms) = preSolution
		Debug|Any CPU = Debug|Any CPU
		Release|Any CPU = Release|Any CPU
	EndGlobalSection
	GlobalSection(ProjectConfigurationPlatforms) = postSolution
		{1FE4343C-E9C6-4EEA-A540-EA67C3F8B505}.Debug|Any CPU.ActiveCfg = Debug|Any CPU
		{1FE4343C-E9C6-4EEA-A540-EA67C3F8B505}.Debug|Any CPU.Build.0 = Debug|Any CPU
		{1FE4343C-E9C6-4EEA-A540-EA67C3F8B505}.Release|Any CPU.ActiveCfg = Release|Any CPU
		{1FE4343C-E9C6-4EEA-A540-EA67C3F8B505}.Release|Any CPU.Build.0 = Release|Any CPU
	EndGlobalSection
	GlobalSection(SolutionProperties) = preSolution
		HideSolutionNode = FALSE
	EndGlobalSection
	GlobalSection(ExtensibilityGlobals) = postSolution
		SolutionGuid = {60E87A82-207F-4B8E-B9A5-E52C8DDA304D}
	EndGlobalSection
EndGlobal
