
Microsoft Visual Studio Solution File, Format Version 12.00
# Visual Studio Version 17
VisualStudioVersion = 17.8.34511.84
MinimumVisualStudioVersion = 10.0.40219.1
Project("{FAE04EC0-301F-11D3-BF4B-00C04F79EFBC}") = "Delete and Earn", "Delete and Earn\Delete and Earn.csproj", "{CAFCE7EE-5709-4558-954F-0C91BA7C753F}"
EndProject
Global
	GlobalSection(SolutionConfigurationPlatforms) = preSolution
		Debug|Any CPU = Debug|Any CPU
		Release|Any CPU = Release|Any CPU
	EndGlobalSection
	GlobalSection(ProjectConfigurationPlatforms) = postSolution
		{CAFCE7EE-5709-4558-954F-0C91BA7C753F}.Debug|Any CPU.ActiveCfg = Debug|Any CPU
		{CAFCE7EE-5709-4558-954F-0C91BA7C753F}.Debug|Any CPU.Build.0 = Debug|Any CPU
		{CAFCE7EE-5709-4558-954F-0C91BA7C753F}.Release|Any CPU.ActiveCfg = Release|Any CPU
		{CAFCE7EE-5709-4558-954F-0C91BA7C753F}.Release|Any CPU.Build.0 = Release|Any CPU
	EndGlobalSection
	GlobalSection(SolutionProperties) = preSolution
		HideSolutionNode = FALSE
	EndGlobalSection
	GlobalSection(ExtensibilityGlobals) = postSolution
		SolutionGuid = {D3AE5C0E-F3AE-42AD-BC2B-4CFAA22ED2C7}
	EndGlobalSection
EndGlobal
