
Microsoft Visual Studio Solution File, Format Version 12.00
# Visual Studio Version 17
VisualStudioVersion = 17.8.34511.84
MinimumVisualStudioVersion = 10.0.40219.1
Project("{FAE04EC0-301F-11D3-BF4B-00C04F79EFBC}") = "Delete the Middle Node of a Linked List", "Delete the Middle Node of a Linked List\Delete the Middle Node of a Linked List.csproj", "{64D33F01-43B8-405D-B82E-8C1D93144AE7}"
EndProject
Global
	GlobalSection(SolutionConfigurationPlatforms) = preSolution
		Debug|Any CPU = Debug|Any CPU
		Release|Any CPU = Release|Any CPU
	EndGlobalSection
	GlobalSection(ProjectConfigurationPlatforms) = postSolution
		{64D33F01-43B8-405D-B82E-8C1D93144AE7}.Debug|Any CPU.ActiveCfg = Debug|Any CPU
		{64D33F01-43B8-405D-B82E-8C1D93144AE7}.Debug|Any CPU.Build.0 = Debug|Any CPU
		{64D33F01-43B8-405D-B82E-8C1D93144AE7}.Release|Any CPU.ActiveCfg = Release|Any CPU
		{64D33F01-43B8-405D-B82E-8C1D93144AE7}.Release|Any CPU.Build.0 = Release|Any CPU
	EndGlobalSection
	GlobalSection(SolutionProperties) = preSolution
		HideSolutionNode = FALSE
	EndGlobalSection
	GlobalSection(ExtensibilityGlobals) = postSolution
		SolutionGuid = {FD9CF4E2-7DEB-43BE-90F6-FBD720DE187A}
	EndGlobalSection
EndGlobal
